{
  "schemaVersion": 1,
  "process": {
    "version": "0.1.0",
    "digest": "sha256:4a4f3899993e316a5c6f5ad348b1ff1bf5ee5bde3021fd4a13308d7e7c2c06cd"
  },
  "skills": [
    "assess-design",
    "build-frontend",
    "build-frontend-foundation",
    "change-api",
    "cross-repo-change",
    "define-change-contract",
    "design-module",
    "evolve-process",
    "finish-change",
    "govern-ui",
    "implement-change",
    "implement-module",
    "implement-use-case",
    "integrate-mcp",
    "maintain-docs",
    "plan-change",
    "publish-change",
    "review-change",
    "run-change",
    "run-project-command",
    "specify-use-case",
    "verify-change"
  ]
}
