{
  "schemaVersion": 1,
  "process": {
    "version": "0.1.1",
    "digest": "sha256:8f4fbc6647dda79eb071079dbe0632ff2c3c8e24c2e0d137b6b27c17920ddad7"
  },
  "skills": [
    "assess-design",
    "build-frontend",
    "build-frontend-foundation",
    "change-api",
    "cross-repo-change",
    "define-change-contract",
    "evolve-process",
    "finish-change",
    "govern-ui",
    "implement-change",
    "implement-use-case",
    "maintain-docs",
    "plan-change",
    "publish-change",
    "review-change",
    "run-change",
    "run-project-command",
    "specify-use-case",
    "verify-change"
  ]
}
